// !$*UTF8*$!
{
	archiveVersion = 1;
	classes = {
	};
	objectVersion = 46;
	objects = {

/* Begin PBXBuildFile section */
		89BB170C1D878B34008EFA58 /* main.m in Sources */ = {isa = PBXBuildFile; fileRef = 89BB170B1D878B34008EFA58 /* main.m */; };
		89BB170F1D878B34008EFA58 /* AppDelegate.m in Sources */ = {isa = PBXBuildFile; fileRef = 89BB170E1D878B34008EFA58 /* AppDelegate.m */; };
		89BB17121D878B34008EFA58 /* ViewController.m in Sources */ = {isa = PBXBuildFile; fileRef = 89BB17111D878B34008EFA58 /* ViewController.m */; };
		89BB17151D878B34008EFA58 /* Main.storyboard in Resources */ = {isa = PBXBuildFile; fileRef = 89BB17131D878B34008EFA58 /* Main.storyboard */; };
		89BB17171D878B34008EFA58 /* Assets.xcassets in Resources */ = {isa = PBXBuildFile; fileRef = 89BB17161D878B34008EFA58 /* Assets.xcassets */; };
		89BB171A1D878B34008EFA58 /* LaunchScreen.storyboard in Resources */ = {isa = PBXBuildFile; fileRef = 89BB17181D878B34008EFA58 /* LaunchScreen.storyboard */; };
		89BB17251D878B34008EFA58 /* ATAlterControllerTests.m in Sources */ = {isa = PBXBuildFile; fileRef = 89BB17241D878B34008EFA58 /* ATAlterControllerTests.m */; };
		89BB17301D878B34008EFA58 /* ATAlterControllerUITests.m in Sources */ = {isa = PBXBuildFile; fileRef = 89BB172F1D878B34008EFA58 /* ATAlterControllerUITests.m */; };
		89E8CF7B1D893B8D005E8E52 /* ATAlterController.m in Sources */ = {isa = PBXBuildFile; fileRef = 89E8CF7A1D893B8D005E8E52 /* ATAlterController.m */; };
/* End PBXBuildFile section */

/* Begin PBXContainerItemProxy section */
		89BB17211D878B34008EFA58 /* PBXContainerItemProxy */ = {
			isa = PBXContainerItemProxy;
			containerPortal = 89BB16FF1D878B34008EFA58 /* Project object */;
			proxyType = 1;
			remoteGlobalIDString = 89BB17061D878B34008EFA58;
			remoteInfo = ATAlterController;
		};
		89BB172C1D878B34008EFA58 /* PBXContainerItemProxy */ = {
			isa = PBXContainerItemProxy;
			containerPortal = 89BB16FF1D878B34008EFA58 /* Project object */;
			proxyType = 1;
			remoteGlobalIDString = 89BB17061D878B34008EFA58;
			remoteInfo = ATAlterController;
		};
/* End PBXContainerItemProxy section */

/* Begin PBXFileReference section */
		89BB17071D878B34008EFA58 /* ATAlterController.app */ = {isa = PBXFileReference; explicitFileType = wrapper.application; includeInIndex = 0; path = ATAlterController.app; sourceTree = BUILT_PRODUCTS_DIR; };
		89BB170B1D878B34008EFA58 /* main.m */ = {isa = PBXFileReference; lastKnownFileType = sourcecode.c.objc; path = main.m; sourceTree = "<group>"; };
		89BB170D1D878B34008EFA58 /* AppDelegate.h */ = {isa = PBXFileReference; lastKnownFileType = sourcecode.c.h; path = AppDelegate.h; sourceTree = "<group>"; };
		89BB170E1D878B34008EFA58 /* AppDelegate.m */ = {isa = PBXFileReference; lastKnownFileType = sourcecode.c.objc; path = AppDelegate.m; sourceTree = "<group>"; };
		89BB17101D878B34008EFA58 /* ViewController.h */ = {isa = PBXFileReference; lastKnownFileType = sourcecode.c.h; path = ViewController.h; sourceTree = "<group>"; };
		89BB17111D878B34008EFA58 /* ViewController.m */ = {isa = PBXFileReference; lastKnownFileType = sourcecode.c.objc; path = ViewController.m; sourceTree = "<group>"; };
		89BB17141D878B34008EFA58 /* Base */ = {isa = PBXFileReference; lastKnownFileType = file.storyboard; name = Base; path = Base.lproj/Main.storyboard; sourceTree = "<group>"; };
		89BB17161D878B34008EFA58 /* Assets.xcassets */ = {isa = PBXFileReference; lastKnownFileType = folder.assetcatalog; path = Assets.xcassets; sourceTree = "<group>"; };
		89BB17191D878B34008EFA58 /* Base */ = {isa = PBXFileReference; lastKnownFileType = file.storyboard; name = Base; path = Base.lproj/LaunchScreen.storyboard; sourceTree = "<group>"; };
		89BB171B1D878B34008EFA58 /* Info.plist */ = {isa = PBXFileReference; lastKnownFileType = text.plist.xml; path = Info.plist; sourceTree = "<group>"; };
		89BB17201D878B34008EFA58 /* ATAlterControllerTests.xctest */ = {isa = PBXFileReference; explicitFileType = wrapper.cfbundle; includeInIndex = 0; path = ATAlterControllerTests.xctest; sourceTree = BUILT_PRODUCTS_DIR; };
		89BB17241D878B34008EFA58 /* ATAlterControllerTests.m */ = {isa = PBXFileReference; lastKnownFileType = sourcecode.c.objc; path = ATAlterControllerTests.m; sourceTree = "<group>"; };
		89BB17261D878B34008EFA58 /* Info.plist */ = {isa = PBXFileReference; lastKnownFileType = text.plist.xml; path = Info.plist; sourceTree = "<group>"; };
		89BB172B1D878B34008EFA58 /* ATAlterControllerUITests.xctest */ = {isa = PBXFileReference; explicitFileType = wrapper.cfbundle; includeInIndex = 0; path = ATAlterControllerUITests.xctest; sourceTree = BUILT_PRODUCTS_DIR; };
		89BB172F1D878B34008EFA58 /* ATAlterControllerUITests.m */ = {isa = PBXFileReference; lastKnownFileType = sourcecode.c.objc; path = ATAlterControllerUITests.m; sourceTree = "<group>"; };
		89BB17311D878B34008EFA58 /* Info.plist */ = {isa = PBXFileReference; lastKnownFileType = text.plist.xml; path = Info.plist; sourceTree = "<group>"; };
		89E8CF791D893B8D005E8E52 /* ATAlterController.h */ = {isa = PBXFileReference; fileEncoding = 4; lastKnownFileType = sourcecode.c.h; path = ATAlterController.h; sourceTree = "<group>"; };
		89E8CF7A1D893B8D005E8E52 /* ATAlterController.m */ = {isa = PBXFileReference; fileEncoding = 4; lastKnownFileType = sourcecode.c.objc; path = ATAlterController.m; sourceTree = "<group>"; };
/* End PBXFileReference section */

/* Begin PBXFrameworksBuildPhase section */
		89BB17041D878B34008EFA58 /* Frameworks */ = {
			isa = PBXFrameworksBuildPhase;
			buildActionMask = 2147483647;
			files = (
			);
			runOnlyForDeploymentPostprocessing = 0;
		};
		89BB171D1D878B34008EFA58 /* Frameworks */ = {
			isa = PBXFrameworksBuildPhase;
			buildActionMask = 2147483647;
			files = (
			);
			runOnlyForDeploymentPostprocessing = 0;
		};
		89BB17281D878B34008EFA58 /* Frameworks */ = {
			isa = PBXFrameworksBuildPhase;
			buildActionMask = 2147483647;
			files = (
			);
			runOnlyForDeploymentPostprocessing = 0;
		};
/* End PBXFrameworksBuildPhase section */

/* Begin PBXGroup section */
		89BB16FE1D878B34008EFA58 = {
			isa = PBXGroup;
			children = (
				89BB17091D878B34008EFA58 /* ATAlterController */,
				89BB17231D878B34008EFA58 /* ATAlterControllerTests */,
				89BB172E1D878B34008EFA58 /* ATAlterControllerUITests */,
				89BB17081D878B34008EFA58 /* Products */,
			);
			sourceTree = "<group>";
		};
		89BB17081D878B34008EFA58 /* Products */ = {
			isa = PBXGroup;
			children = (
				89BB17071D878B34008EFA58 /* ATAlterController.app */,
				89BB17201D878B34008EFA58 /* ATAlterControllerTests.xctest */,
				89BB172B1D878B34008EFA58 /* ATAlterControllerUITests.xctest */,
			);
			name = Products;
			sourceTree = "<group>";
		};
		89BB17091D878B34008EFA58 /* ATAlterController */ = {
			isa = PBXGroup;
			children = (
				89E8CF781D893B8D005E8E52 /* ATAlterView */,
				89BB170D1D878B34008EFA58 /* AppDelegate.h */,
				89BB170E1D878B34008EFA58 /* AppDelegate.m */,
				89BB17101D878B34008EFA58 /* ViewController.h */,
				89BB17111D878B34008EFA58 /* ViewController.m */,
				89BB17131D878B34008EFA58 /* Main.storyboard */,
				89BB17161D878B34008EFA58 /* Assets.xcassets */,
				89BB17181D878B34008EFA58 /* LaunchScreen.storyboard */,
				89BB171B1D878B34008EFA58 /* Info.plist */,
				89BB170A1D878B34008EFA58 /* Supporting Files */,
			);
			path = ATAlterController;
			sourceTree = "<group>";
		};
		89BB170A1D878B34008EFA58 /* Supporting Files */ = {
			isa = PBXGroup;
			children = (
				89BB170B1D878B34008EFA58 /* main.m */,
			);
			name = "Supporting Files";
			sourceTree = "<group>";
		};
		89BB17231D878B34008EFA58 /* ATAlterControllerTests */ = {
			isa = PBXGroup;
			children = (
				89BB17241D878B34008EFA58 /* ATAlterControllerTests.m */,
				89BB17261D878B34008EFA58 /* Info.plist */,
			);
			path = ATAlterControllerTests;
			sourceTree = "<group>";
		};
		89BB172E1D878B34008EFA58 /* ATAlterControllerUITests */ = {
			isa = PBXGroup;
			children = (
				89BB172F1D878B34008EFA58 /* ATAlterControllerUITests.m */,
				89BB17311D878B34008EFA58 /* Info.plist */,
			);
			path = ATAlterControllerUITests;
			sourceTree = "<group>";
		};
		89E8CF781D893B8D005E8E52 /* ATAlterView */ = {
			isa = PBXGroup;
			children = (
				89E8CF791D893B8D005E8E52 /* ATAlterController.h */,
				89E8CF7A1D893B8D005E8E52 /* ATAlterController.m */,
			);
			path = ATAlterView;
			sourceTree = "<group>";
		};
/* End PBXGroup section */

/* Begin PBXNativeTarget section */
		89BB17061D878B34008EFA58 /* ATAlterController */ = {
			isa = PBXNativeTarget;
			buildConfigurationList = 89BB17341D878B34008EFA58 /* Build configuration list for PBXNativeTarget "ATAlterController" */;
			buildPhases = (
				89BB17031D878B34008EFA58 /* Sources */,
				89BB17041D878B34008EFA58 /* Frameworks */,
				89BB17051D878B34008EFA58 /* Resources */,
			);
			buildRules = (
			);
			dependencies = (
			);
			name = ATAlterController;
			productName = ATAlterController;
			productReference = 89BB17071D878B34008EFA58 /* ATAlterController.app */;
			productType = "com.apple.product-type.application";
		};
		89BB171F1D878B34008EFA58 /* ATAlterControllerTests */ = {
			isa = PBXNativeTarget;
			buildConfigurationList = 89BB17371D878B34008EFA58 /* Build configuration list for PBXNativeTarget "ATAlterControllerTests" */;
			buildPhases = (
				89BB171C1D878B34008EFA58 /* Sources */,
				89BB171D1D878B34008EFA58 /* Frameworks */,
				89BB171E1D878B34008EFA58 /* Resources */,
			);
			buildRules = (
			);
			dependencies = (
				89BB17221D878B34008EFA58 /* PBXTargetDependency */,
			);
			name = ATAlterControllerTests;
			productName = ATAlterControllerTests;
			productReference = 89BB17201D878B34008EFA58 /* ATAlterControllerTests.xctest */;
			productType = "com.apple.product-type.bundle.unit-test";
		};
		89BB172A1D878B34008EFA58 /* ATAlterControllerUITests */ = {
			isa = PBXNativeTarget;
			buildConfigurationList = 89BB173A1D878B34008EFA58 /* Build configuration list for PBXNativeTarget "ATAlterControllerUITests" */;
			buildPhases = (
				89BB17271D878B34008EFA58 /* Sources */,
				89BB17281D878B34008EFA58 /* Frameworks */,
				89BB17291D878B34008EFA58 /* Resources */,
			);
			buildRules = (
			);
			dependencies = (
				89BB172D1D878B34008EFA58 /* PBXTargetDependency */,
			);
			name = ATAlterControllerUITests;
			productName = ATAlterControllerUITests;
			productReference = 89BB172B1D878B34008EFA58 /* ATAlterControllerUITests.xctest */;
			productType = "com.apple.product-type.bundle.ui-testing";
		};
/* End PBXNativeTarget section */

/* Begin PBXProject section */
		89BB16FF1D878B34008EFA58 /* Project object */ = {
			isa = PBXProject;
			attributes = {
				LastUpgradeCheck = 0730;
				ORGANIZATIONNAME = Attu;
				TargetAttributes = {
					89BB17061D878B34008EFA58 = {
						CreatedOnToolsVersion = 7.3;
						DevelopmentTeam = 5PQAK4QS24;
					};
					89BB171F1D878B34008EFA58 = {
						CreatedOnToolsVersion = 7.3;
						TestTargetID = 89BB17061D878B34008EFA58;
					};
					89BB172A1D878B34008EFA58 = {
						CreatedOnToolsVersion = 7.3;
						TestTargetID = 89BB17061D878B34008EFA58;
					};
				};
			};
			buildConfigurationList = 89BB17021D878B34008EFA58 /* Build configuration list for PBXProject "ATAlterController" */;
			compatibilityVersion = "Xcode 3.2";
			developmentRegion = English;
			hasScannedForEncodings = 0;
			knownRegions = (
				en,
				Base,
			);
			mainGroup = 89BB16FE1D878B34008EFA58;
			productRefGroup = 89BB17081D878B34008EFA58 /* Products */;
			projectDirPath = "";
			projectRoot = "";
			targets = (
				89BB17061D878B34008EFA58 /* ATAlterController */,
				89BB171F1D878B34008EFA58 /* ATAlterControllerTests */,
				89BB172A1D878B34008EFA58 /* ATAlterControllerUITests */,
			);
		};
/* End PBXProject section */

/* Begin PBXResourcesBuildPhase section */
		89BB17051D878B34008EFA58 /* Resources */ = {
			isa = PBXResourcesBuildPhase;
			buildActionMask = 2147483647;
			files = (
				89BB171A1D878B34008EFA58 /* LaunchScreen.storyboard in Resources */,
				89BB17171D878B34008EFA58 /* Assets.xcassets in Resources */,
				89BB17151D878B34008EFA58 /* Main.storyboard in Resources */,
			);
			runOnlyForDeploymentPostprocessing = 0;
		};
		89BB171E1D878B34008EFA58 /* Resources */ = {
			isa = PBXResourcesBuildPhase;
			buildActionMask = 2147483647;
			files = (
			);
			runOnlyForDeploymentPostprocessing = 0;
		};
		89BB17291D878B34008EFA58 /* Resources */ = {
			isa = PBXResourcesBuildPhase;
			buildActionMask = 2147483647;
			files = (
			);
			runOnlyForDeploymentPostprocessing = 0;
		};
/* End PBXResourcesBuildPhase section */

/* Begin PBXSourcesBuildPhase section */
		89BB17031D878B34008EFA58 /* Sources */ = {
			isa = PBXSourcesBuildPhase;
			buildActionMask = 2147483647;
			files = (
				89BB17121D878B34008EFA58 /* ViewController.m in Sources */,
				89BB170F1D878B34008EFA58 /* AppDelegate.m in Sources */,
				89BB170C1D878B34008EFA58 /* main.m in Sources */,
				89E8CF7B1D893B8D005E8E52 /* ATAlterController.m in Sources */,
			);
			runOnlyForDeploymentPostprocessing = 0;
		};
		89BB171C1D878B34008EFA58 /* Sources */ = {
			isa = PBXSourcesBuildPhase;
			buildActionMask = 2147483647;
			files = (
				89BB17251D878B34008EFA58 /* ATAlterControllerTests.m in Sources */,
			);
			runOnlyForDeploymentPostprocessing = 0;
		};
		89BB17271D878B34008EFA58 /* Sources */ = {
			isa = PBXSourcesBuildPhase;
			buildActionMask = 2147483647;
			files = (
				89BB17301D878B34008EFA58 /* ATAlterControllerUITests.m in Sources */,
			);
			runOnlyForDeploymentPostprocessing = 0;
		};
/* End PBXSourcesBuildPhase section */

/* Begin PBXTargetDependency section */
		89BB17221D878B34008EFA58 /* PBXTargetDependency */ = {
			isa = PBXTargetDependency;
			target = 89BB17061D878B34008EFA58 /* ATAlterController */;
			targetProxy = 89BB17211D878B34008EFA58 /* PBXContainerItemProxy */;
		};
		89BB172D1D878B34008EFA58 /* PBXTargetDependency */ = {
			isa = PBXTargetDependency;
			target = 89BB17061D878B34008EFA58 /* ATAlterController */;
			targetProxy = 89BB172C1D878B34008EFA58 /* PBXContainerItemProxy */;
		};
/* End PBXTargetDependency section */

/* Begin PBXVariantGroup section */
		89BB17131D878B34008EFA58 /* Main.storyboard */ = {
			isa = PBXVariantGroup;
			children = (
				89BB17141D878B34008EFA58 /* Base */,
			);
			name = Main.storyboard;
			sourceTree = "<group>";
		};
		89BB17181D878B34008EFA58 /* LaunchScreen.storyboard */ = {
			isa = PBXVariantGroup;
			children = (
				89BB17191D878B34008EFA58 /* Base */,
			);
			name = LaunchScreen.storyboard;
			sourceTree = "<group>";
		};
/* End PBXVariantGroup section */

/* Begin XCBuildConfiguration section */
		89BB17321D878B34008EFA58 /* Debug */ = {
			isa = XCBuildConfiguration;
			buildSettings = {
				ALWAYS_SEARCH_USER_PATHS = NO;
				CLANG_ANALYZER_NONNULL = YES;
				CLANG_CXX_LANGUAGE_STANDARD = "gnu++0x";
				CLANG_CXX_LIBRARY = "libc++";
				CLANG_ENABLE_MODULES = YES;
				CLANG_ENABLE_OBJC_ARC = YES;
				CLANG_WARN_BOOL_CONVERSION = YES;
				CLANG_WARN_CONSTANT_CONVERSION = YES;
				CLANG_WARN_DIRECT_OBJC_ISA_USAGE = YES_ERROR;
				CLANG_WARN_EMPTY_BODY = YES;
				CLANG_WARN_ENUM_CONVERSION = YES;
				CLANG_WARN_INT_CONVERSION = YES;
				CLANG_WARN_OBJC_ROOT_CLASS = YES_ERROR;
				CLANG_WARN_UNREACHABLE_CODE = YES;
				CLANG_WARN__DUPLICATE_METHOD_MATCH = YES;
				CODE_SIGN_IDENTITY = "iPhone Developer";
				"CODE_SIGN_IDENTITY[sdk=iphoneos*]" = "iPhone Developer";
				COPY_PHASE_STRIP = NO;
				DEBUG_INFORMATION_FORMAT = dwarf;
				ENABLE_STRICT_OBJC_MSGSEND = YES;
				ENABLE_TESTABILITY = YES;
				GCC_C_LANGUAGE_STANDARD = gnu99;
				GCC_DYNAMIC_NO_PIC = NO;
				GCC_NO_COMMON_BLOCKS = YES;
				GCC_OPTIMIZATION_LEVEL = 0;
				GCC_PREPROCESSOR_DEFINITIONS = (
					"DEBUG=1",
					"$(inherited)",
				);
				GCC_WARN_64_TO_32_BIT_CONVERSION = YES;
				GCC_WARN_ABOUT_RETURN_TYPE = YES_ERROR;
				GCC_WARN_UNDECLARED_SELECTOR = YES;
				GCC_WARN_UNINITIALIZED_AUTOS = YES_AGGRESSIVE;
				GCC_WARN_UNUSED_FUNCTION = YES;
				GCC_WARN_UNUSED_VARIABLE = YES;
				IPHONEOS_DEPLOYMENT_TARGET = 9.3;
				MTL_ENABLE_DEBUG_INFO = YES;
				ONLY_ACTIVE_ARCH = YES;
				SDKROOT = iphoneos;
				TARGETED_DEVICE_FAMILY = "1,2";
			};
			name = Debug;
		};
		89BB17331D878B34008EFA58 /* Release */ = {
			isa = XCBuildConfiguration;
			buildSettings = {
				ALWAYS_SEARCH_USER_PATHS = NO;
				CLANG_ANALYZER_NONNULL = YES;
				CLANG_CXX_LANGUAGE_STANDARD = "gnu++0x";
				CLANG_CXX_LIBRARY = "libc++";
				CLANG_ENABLE_MODULES = YES;
				CLANG_ENABLE_OBJC_ARC = YES;
				CLANG_WARN_BOOL_CONVERSION = YES;
				CLANG_WARN_CONSTANT_CONVERSION = YES;
				CLANG_WARN_DIRECT_OBJC_ISA_USAGE = YES_ERROR;
				CLANG_WARN_EMPTY_BODY = YES;
				CLANG_WARN_ENUM_CONVERSION = YES;
				CLANG_WARN_INT_CONVERSION = YES;
				CLANG_WARN_OBJC_ROOT_CLASS = YES_ERROR;
				CLANG_WARN_UNREACHABLE_CODE = YES;
				CLANG_WARN__DUPLICATE_METHOD_MATCH = YES;
				CODE_SIGN_IDENTITY = "iPhone Developer";
				"CODE_SIGN_IDENTITY[sdk=iphoneos*]" = "iPhone Developer";
				COPY_PHASE_STRIP = NO;
				DEBUG_INFORMATION_FORMAT = "dwarf-with-dsym";
				ENABLE_NS_ASSERTIONS = NO;
				ENABLE_STRICT_OBJC_MSGSEND = YES;
				GCC_C_LANGUAGE_STANDARD = gnu99;
				GCC_NO_COMMON_BLOCKS = YES;
				GCC_WARN_64_TO_32_BIT_CONVERSION = YES;
				GCC_WARN_ABOUT_RETURN_TYPE = YES_ERROR;
				GCC_WARN_UNDECLARED_SELECTOR = YES;
				GCC_WARN_UNINITIALIZED_AUTOS = YES_AGGRESSIVE;
				GCC_WARN_UNUSED_FUNCTION = YES;
				GCC_WARN_UNUSED_VARIABLE = YES;
				IPHONEOS_DEPLOYMENT_TARGET = 9.3;
				MTL_ENABLE_DEBUG_INFO = NO;
				SDKROOT = iphoneos;
				TARGETED_DEVICE_FAMILY = "1,2";
				VALIDATE_PRODUCT = YES;
			};
			name = Release;
		};
		89BB17351D878B34008EFA58 /* Debug */ = {
			isa = XCBuildConfiguration;
			buildSettings = {
				ASSETCATALOG_COMPILER_APPICON_NAME = AppIcon;
				CODE_SIGN_IDENTITY = "iPhone Developer";
				"CODE_SIGN_IDENTITY[sdk=iphoneos*]" = "iPhone Developer";
				INFOPLIST_FILE = ATAlterController/Info.plist;
				LD_RUNPATH_SEARCH_PATHS = "$(inherited) @executable_path/Frameworks";
				PRODUCT_BUNDLE_IDENTIFIER = IOS.Attu.ATAlterController;
				PRODUCT_NAME = "$(TARGET_NAME)";
				PROVISIONING_PROFILE = "";
			};
			name = Debug;
		};
		89BB17361D878B34008EFA58 /* Release */ = {
			isa = XCBuildConfiguration;
			buildSettings = {
				ASSETCATALOG_COMPILER_APPICON_NAME = AppIcon;
				CODE_SIGN_IDENTITY = "iPhone Developer";
				"CODE_SIGN_IDENTITY[sdk=iphoneos*]" = "iPhone Developer";
				INFOPLIST_FILE = ATAlterController/Info.plist;
				LD_RUNPATH_SEARCH_PATHS = "$(inherited) @executable_path/Frameworks";
				PRODUCT_BUNDLE_IDENTIFIER = IOS.Attu.ATAlterController;
				PRODUCT_NAME = "$(TARGET_NAME)";
				PROVISIONING_PROFILE = "";
			};
			name = Release;
		};
		89BB17381D878B34008EFA58 /* Debug */ = {
			isa = XCBuildConfiguration;
			buildSettings = {
				BUNDLE_LOADER = "$(TEST_HOST)";
				INFOPLIST_FILE = ATAlterControllerTests/Info.plist;
				LD_RUNPATH_SEARCH_PATHS = "$(inherited) @executable_path/Frameworks @loader_path/Frameworks";
				PRODUCT_BUNDLE_IDENTIFIER = IOS.Attu.ATAlterControllerTests;
				PRODUCT_NAME = "$(TARGET_NAME)";
				TEST_HOST = "$(BUILT_PRODUCTS_DIR)/ATAlterController.app/ATAlterController";
			};
			name = Debug;
		};
		89BB17391D878B34008EFA58 /* Release */ = {
			isa = XCBuildConfiguration;
			buildSettings = {
				BUNDLE_LOADER = "$(TEST_HOST)";
				INFOPLIST_FILE = ATAlterControllerTests/Info.plist;
				LD_RUNPATH_SEARCH_PATHS = "$(inherited) @executable_path/Frameworks @loader_path/Frameworks";
				PRODUCT_BUNDLE_IDENTIFIER = IOS.Attu.ATAlterControllerTests;
				PRODUCT_NAME = "$(TARGET_NAME)";
				TEST_HOST = "$(BUILT_PRODUCTS_DIR)/ATAlterController.app/ATAlterController";
			};
			name = Release;
		};
		89BB173B1D878B34008EFA58 /* Debug */ = {
			isa = XCBuildConfiguration;
			buildSettings = {
				INFOPLIST_FILE = ATAlterControllerUITests/Info.plist;
				LD_RUNPATH_SEARCH_PATHS = "$(inherited) @executable_path/Frameworks @loader_path/Frameworks";
				PRODUCT_BUNDLE_IDENTIFIER = IOS.Attu.ATAlterControllerUITests;
				PRODUCT_NAME = "$(TARGET_NAME)";
				TEST_TARGET_NAME = ATAlterController;
			};
			name = Debug;
		};
		89BB173C1D878B34008EFA58 /* Release */ = {
			isa = XCBuildConfiguration;
			buildSettings = {
				INFOPLIST_FILE = ATAlterControllerUITests/Info.plist;
				LD_RUNPATH_SEARCH_PATHS = "$(inherited) @executable_path/Frameworks @loader_path/Frameworks";
				PRODUCT_BUNDLE_IDENTIFIER = IOS.Attu.ATAlterControllerUITests;
				PRODUCT_NAME = "$(TARGET_NAME)";
				TEST_TARGET_NAME = ATAlterController;
			};
			name = Release;
		};
/* End XCBuildConfiguration section */

/* Begin XCConfigurationList section */
		89BB17021D878B34008EFA58 /* Build configuration list for PBXProject "ATAlterController" */ = {
			isa = XCConfigurationList;
			buildConfigurations = (
				89BB17321D878B34008EFA58 /* Debug */,
				89BB17331D878B34008EFA58 /* Release */,
			);
			defaultConfigurationIsVisible = 0;
			defaultConfigurationName = Release;
		};
		89BB17341D878B34008EFA58 /* Build configuration list for PBXNativeTarget "ATAlterController" */ = {
			isa = XCConfigurationList;
			buildConfigurations = (
				89BB17351D878B34008EFA58 /* Debug */,
				89BB17361D878B34008EFA58 /* Release */,
			);
			defaultConfigurationIsVisible = 0;
			defaultConfigurationName = Release;
		};
		89BB17371D878B34008EFA58 /* Build configuration list for PBXNativeTarget "ATAlterControllerTests" */ = {
			isa = XCConfigurationList;
			buildConfigurations = (
				89BB17381D878B34008EFA58 /* Debug */,
				89BB17391D878B34008EFA58 /* Release */,
			);
			defaultConfigurationIsVisible = 0;
			defaultConfigurationName = Release;
		};
		89BB173A1D878B34008EFA58 /* Build configuration list for PBXNativeTarget "ATAlterControllerUITests" */ = {
			isa = XCConfigurationList;
			buildConfigurations = (
				89BB173B1D878B34008EFA58 /* Debug */,
				89BB173C1D878B34008EFA58 /* Release */,
			);
			defaultConfigurationIsVisible = 0;
			defaultConfigurationName = Release;
		};
/* End XCConfigurationList section */
	};
	rootObject = 89BB16FF1D878B34008EFA58 /* Project object */;
}
